
Microsoft Visual Studio Solution File, Format Version 12.00
# Visual Studio 15
Project("{FAE04EC0-301F-11D3-BF4B-00C04F79EFBC}") = "UnityEngine.TestRunner", "UnityEngine.TestRunner.csproj", "{C1C1C1C9-73EE-807B-6ED8-0CF063600670}"
EndProject
Project("{FAE04EC0-301F-11D3-BF4B-00C04F79EFBC}") = "Unity.Mathematics", "Unity.Mathematics.csproj", "{469ACE2F-A1F7-FD09-BA8A-F0D427873F92}"
EndProject
Project("{FAE04EC0-301F-11D3-BF4B-00C04F79EFBC}") = "Unity.2D.Animation.Triangle.Runtime", "Unity.2D.Animation.Triangle.Runtime.csproj", "{8EAC4088-591E-AA77-8809-F11CFD150B86}"
EndProject
Project("{FAE04EC0-301F-11D3-BF4B-00C04F79EFBC}") = "Unity.Timeline", "Unity.Timeline.csproj", "{808F8C93-6502-D293-EAC4-44B7977352FE}"
EndProject
Project("{FAE04EC0-301F-11D3-BF4B-00C04F79EFBC}") = "UnityEngine.UI", "UnityEngine.UI.csproj", "{8A29341D-B263-535B-D4EE-BB49CC266B3F}"
EndProject
Project("{FAE04EC0-301F-11D3-BF4B-00C04F79EFBC}") = "Unity.TextMeshPro", "Unity.TextMeshPro.csproj", "{65A3DAF2-FDA0-D36C-D676-663260551A7D}"
EndProject
Project("{FAE04EC0-301F-11D3-BF4B-00C04F79EFBC}") = "Unity.2D.Animation.Runtime", "Unity.2D.Animation.Runtime.csproj", "{DFD030D8-96B6-1284-3CC5-0CD77DDB0777}"
EndProject
Project("{FAE04EC0-301F-11D3-BF4B-00C04F79EFBC}") = "Unity.2D.IK.Runtime", "Unity.2D.IK.Runtime.csproj", "{0E1D1055-3EF5-B46A-F99E-90B730EEA557}"
EndProject
Project("{FAE04EC0-301F-11D3-BF4B-00C04F79EFBC}") = "Unity.2D.SpriteShape.Runtime", "Unity.2D.SpriteShape.Runtime.csproj", "{D3ECDDF2-E53B-1D4A-756F-F61B144FCCAC}"
EndProject
Project("{FAE04EC0-301F-11D3-BF4B-00C04F79EFBC}") = "Unity.2D.PixelPerfect", "Unity.2D.PixelPerfect.csproj", "{900A100A-0972-8D33-7D01-46DAB942AD06}"
EndProject
Project("{FAE04EC0-301F-11D3-BF4B-00C04F79EFBC}") = "Unity.2D.Common.Runtime", "Unity.2D.Common.Runtime.csproj", "{68D749FC-85C3-53FE-3C8B-65F068476E3C}"
EndProject
Project("{FAE04EC0-301F-11D3-BF4B-00C04F79EFBC}") = "Unity.InternalAPIEngineBridge.001", "Unity.InternalAPIEngineBridge.001.csproj", "{7795AB5C-FD14-62EC-EE47-81DB77091C17}"
EndProject
Project("{FAE04EC0-301F-11D3-BF4B-00C04F79EFBC}") = "UnityEditor.TestRunner", "UnityEditor.TestRunner.csproj", "{77374F45-BBDB-3FB3-E501-A040E9F1446D}"
EndProject
Project("{FAE04EC0-301F-11D3-BF4B-00C04F79EFBC}") = "Unity.PlasticSCM.Editor", "Unity.PlasticSCM.Editor.csproj", "{47FF68BA-AE63-D1CE-87AD-3FF38A59E9A3}"
EndProject
Project("{FAE04EC0-301F-11D3-BF4B-00C04F79EFBC}") = "UnityEditor.UI", "UnityEditor.UI.csproj", "{E72ACF22-2075-FAE1-04CB-D00B9E59E254}"
EndProject
Project("{FAE04EC0-301F-11D3-BF4B-00C04F79EFBC}") = "Unity.Services.Core.Editor", "Unity.Services.Core.Editor.csproj", "{A98B1880-57F9-43F1-1DB9-1EC251EB36A0}"
EndProject
Project("{FAE04EC0-301F-11D3-BF4B-00C04F79EFBC}") = "Unity.Timeline.Editor", "Unity.Timeline.Editor.csproj", "{FBDB825F-039F-BAA7-6AED-19427DB2AC77}"
EndProject
Project("{FAE04EC0-301F-11D3-BF4B-00C04F79EFBC}") = "Unity.VisualStudio.Editor", "Unity.VisualStudio.Editor.csproj", "{20D2A24A-C071-AE89-2031-86C68ACE2DB9}"
EndProject
Project("{FAE04EC0-301F-11D3-BF4B-00C04F79EFBC}") = "Unity.2D.Psdimporter.Editor", "Unity.2D.Psdimporter.Editor.csproj", "{18B1FE50-3AE9-38B4-43EF-61BCB5AFABF7}"
EndProject
Project("{FAE04EC0-301F-11D3-BF4B-00C04F79EFBC}") = "Unity.2D.Animation.Editor", "Unity.2D.Animation.Editor.csproj", "{992DBB15-11E0-5567-208B-D77FF5216463}"
EndProject
Project("{FAE04EC0-301F-11D3-BF4B-00C04F79EFBC}") = "Unity.TextMeshPro.Editor", "Unity.TextMeshPro.Editor.csproj", "{8C086F08-6AF3-4D8F-C084-001604B3BC85}"
EndProject
Project("{FAE04EC0-301F-11D3-BF4B-00C04F79EFBC}") = "Unity.2D.SpriteShape.Editor", "Unity.2D.SpriteShape.Editor.csproj", "{A581C1E9-1644-2589-3AE9-CACC195254D9}"
EndProject
Project("{FAE04EC0-301F-11D3-BF4B-00C04F79EFBC}") = "Unity.CollabProxy.Editor", "Unity.CollabProxy.Editor.csproj", "{6E7F0E83-12C2-D227-1D7A-47478C98DC8B}"
EndProject
Project("{FAE04EC0-301F-11D3-BF4B-00C04F79EFBC}") = "PsdPlugin", "PsdPlugin.csproj", "{D11ACF58-4A12-35D0-AD27-D49F10AD3EF9}"
EndProject
Project("{FAE04EC0-301F-11D3-BF4B-00C04F79EFBC}") = "Unity.2D.Path.Editor", "Unity.2D.Path.Editor.csproj", "{C8707493-9866-A65E-597D-86985AD5B246}"
EndProject
Project("{FAE04EC0-301F-11D3-BF4B-00C04F79EFBC}") = "Unity.Rider.Editor", "Unity.Rider.Editor.csproj", "{D3318D24-4387-A795-DC6D-AB4735AF20E2}"
EndProject
Project("{FAE04EC0-301F-11D3-BF4B-00C04F79EFBC}") = "Unity.2D.IK.Editor", "Unity.2D.IK.Editor.csproj", "{2E9F821D-4230-7187-84E4-A5B3FB22AD1C}"
EndProject
Project("{FAE04EC0-301F-11D3-BF4B-00C04F79EFBC}") = "Unity.2D.Sprite.Editor", "Unity.2D.Sprite.Editor.csproj", "{EDE9EA96-FC16-D2CA-CEAA-D9FFA6F2102E}"
EndProject
Project("{FAE04EC0-301F-11D3-BF4B-00C04F79EFBC}") = "Unity.2D.Tilemap.Editor", "Unity.2D.Tilemap.Editor.csproj", "{B1B664E4-6151-2268-8F40-7D1416C6064C}"
EndProject
Project("{FAE04EC0-301F-11D3-BF4B-00C04F79EFBC}") = "Unity.2D.PixelPerfect.Editor", "Unity.2D.PixelPerfect.Editor.csproj", "{21AB6875-D1B4-C8ED-0ED4-7420D9F00D2C}"
EndProject
Project("{FAE04EC0-301F-11D3-BF4B-00C04F79EFBC}") = "Unity.VSCode.Editor", "Unity.VSCode.Editor.csproj", "{B6FB2208-A566-07FE-EAFE-57EEC70308D1}"
EndProject
Project("{FAE04EC0-301F-11D3-BF4B-00C04F79EFBC}") = "Unity.2D.Common.Editor", "Unity.2D.Common.Editor.csproj", "{5CAE9333-128B-74EB-9A4A-759BBEECFC05}"
EndProject
Project("{FAE04EC0-301F-11D3-BF4B-00C04F79EFBC}") = "Unity.Mathematics.Editor", "Unity.Mathematics.Editor.csproj", "{4C0699FD-CA1B-F04D-CC0E-A39C699DDD02}"
EndProject
Project("{FAE04EC0-301F-11D3-BF4B-00C04F79EFBC}") = "Unity.InternalAPIEditorBridge.001", "Unity.InternalAPIEditorBridge.001.csproj", "{6B70DCE2-85DC-1887-0BDD-D8F2A83BBBFF}"
EndProject
Project("{FAE04EC0-301F-11D3-BF4B-00C04F79EFBC}") = "UnityEngine.TestRunner", "UnityEngine.TestRunner.Player.csproj", "{10A3F2EC-1EAC-8A04-9C57-94FD340BAFDD}"
EndProject
Project("{FAE04EC0-301F-11D3-BF4B-00C04F79EFBC}") = "Unity.Mathematics", "Unity.Mathematics.Player.csproj", "{51D15D07-FD64-F374-ED8E-864311925858}"
EndProject
Project("{FAE04EC0-301F-11D3-BF4B-00C04F79EFBC}") = "Unity.2D.Animation.Triangle.Runtime", "Unity.2D.Animation.Triangle.Runtime.Player.csproj", "{921D69FB-2784-1C64-921F-DDD5EFD666D2}"
EndProject
Project("{FAE04EC0-301F-11D3-BF4B-00C04F79EFBC}") = "Unity.Timeline", "Unity.Timeline.Player.csproj", "{D2BB6D91-A0F6-C421-B720-479B779A56B0}"
EndProject
Project("{FAE04EC0-301F-11D3-BF4B-00C04F79EFBC}") = "UnityEngine.UI", "UnityEngine.UI.Player.csproj", "{7747385F-E0E2-BC85-7D61-9CBB8F8BE383}"
EndProject
Project("{FAE04EC0-301F-11D3-BF4B-00C04F79EFBC}") = "Unity.TextMeshPro", "Unity.TextMeshPro.Player.csproj", "{7FBE47D1-E050-5E6B-5235-78AD69D7DCEF}"
EndProject
Project("{FAE04EC0-301F-11D3-BF4B-00C04F79EFBC}") = "Unity.2D.Animation.Runtime", "Unity.2D.Animation.Runtime.Player.csproj", "{6ED758FB-E1FE-B457-BCFA-F74E75455282}"
EndProject
Project("{FAE04EC0-301F-11D3-BF4B-00C04F79EFBC}") = "Unity.2D.IK.Runtime", "Unity.2D.IK.Runtime.Player.csproj", "{4729B799-D046-97F8-3E7E-71EC35C42796}"
EndProject
Project("{FAE04EC0-301F-11D3-BF4B-00C04F79EFBC}") = "Unity.2D.SpriteShape.Runtime", "Unity.2D.SpriteShape.Runtime.Player.csproj", "{72FD4FE1-9095-FF07-FAB5-044EA2367863}"
EndProject
Project("{FAE04EC0-301F-11D3-BF4B-00C04F79EFBC}") = "Unity.2D.PixelPerfect", "Unity.2D.PixelPerfect.Player.csproj", "{A25640CF-1EEE-05A8-F2F5-E50A2DC18FC2}"
EndProject
Project("{FAE04EC0-301F-11D3-BF4B-00C04F79EFBC}") = "Unity.2D.Common.Runtime", "Unity.2D.Common.Runtime.Player.csproj", "{D16DED06-4A77-81E6-E6F0-EFF5B598BF22}"
EndProject
Project("{FAE04EC0-301F-11D3-BF4B-00C04F79EFBC}") = "Unity.InternalAPIEngineBridge.001", "Unity.InternalAPIEngineBridge.001.Player.csproj", "{61A2AE21-5355-7BD1-88FC-66EB6E713DCA}"
EndProject
Global
	GlobalSection(SolutionConfigurationPlatforms) = preSolution
		Debug|Any CPU = Debug|Any CPU
		Release|Any CPU = Release|Any CPU
	EndGlobalSection
	GlobalSection(ProjectConfigurationPlatforms) = postSolution
		{C1C1C1C9-73EE-807B-6ED8-0CF063600670}.Debug|Any CPU.ActiveCfg = Debug|Any CPU
		{C1C1C1C9-73EE-807B-6ED8-0CF063600670}.Debug|Any CPU.Build.0 = Debug|Any CPU
		{C1C1C1C9-73EE-807B-6ED8-0CF063600670}.Release|Any CPU.ActiveCfg = Release|Any CPU
		{C1C1C1C9-73EE-807B-6ED8-0CF063600670}.Release|Any CPU.Build.0 = Release|Any CPU
		{469ACE2F-A1F7-FD09-BA8A-F0D427873F92}.Debug|Any CPU.ActiveCfg = Debug|Any CPU
		{469ACE2F-A1F7-FD09-BA8A-F0D427873F92}.Debug|Any CPU.Build.0 = Debug|Any CPU
		{469ACE2F-A1F7-FD09-BA8A-F0D427873F92}.Release|Any CPU.ActiveCfg = Release|Any CPU
		{469ACE2F-A1F7-FD09-BA8A-F0D427873F92}.Release|Any CPU.Build.0 = Release|Any CPU
		{8EAC4088-591E-AA77-8809-F11CFD150B86}.Debug|Any CPU.ActiveCfg = Debug|Any CPU
		{8EAC4088-591E-AA77-8809-F11CFD150B86}.Debug|Any CPU.Build.0 = Debug|Any CPU
		{8EAC4088-591E-AA77-8809-F11CFD150B86}.Release|Any CPU.ActiveCfg = Release|Any CPU
		{8EAC4088-591E-AA77-8809-F11CFD150B86}.Release|Any CPU.Build.0 = Release|Any CPU
		{808F8C93-6502-D293-EAC4-44B7977352FE}.Debug|Any CPU.ActiveCfg = Debug|Any CPU
		{808F8C93-6502-D293-EAC4-44B7977352FE}.Debug|Any CPU.Build.0 = Debug|Any CPU
		{808F8C93-6502-D293-EAC4-44B7977352FE}.Release|Any CPU.ActiveCfg = Release|Any CPU
		{808F8C93-6502-D293-EAC4-44B7977352FE}.Release|Any CPU.Build.0 = Release|Any CPU
		{8A29341D-B263-535B-D4EE-BB49CC266B3F}.Debug|Any CPU.ActiveCfg = Debug|Any CPU
		{8A29341D-B263-535B-D4EE-BB49CC266B3F}.Debug|Any CPU.Build.0 = Debug|Any CPU
		{8A29341D-B263-535B-D4EE-BB49CC266B3F}.Release|Any CPU.ActiveCfg = Release|Any CPU
		{8A29341D-B263-535B-D4EE-BB49CC266B3F}.Release|Any CPU.Build.0 = Release|Any CPU
		{65A3DAF2-FDA0-D36C-D676-663260551A7D}.Debug|Any CPU.ActiveCfg = Debug|Any CPU
		{65A3DAF2-FDA0-D36C-D676-663260551A7D}.Debug|Any CPU.Build.0 = Debug|Any CPU
		{65A3DAF2-FDA0-D36C-D676-663260551A7D}.Release|Any CPU.ActiveCfg = Release|Any CPU
		{65A3DAF2-FDA0-D36C-D676-663260551A7D}.Release|Any CPU.Build.0 = Release|Any CPU
		{DFD030D8-96B6-1284-3CC5-0CD77DDB0777}.Debug|Any CPU.ActiveCfg = Debug|Any CPU
		{DFD030D8-96B6-1284-3CC5-0CD77DDB0777}.Debug|Any CPU.Build.0 = Debug|Any CPU
		{DFD030D8-96B6-1284-3CC5-0CD77DDB0777}.Release|Any CPU.ActiveCfg = Release|Any CPU
		{DFD030D8-96B6-1284-3CC5-0CD77DDB0777}.Release|Any CPU.Build.0 = Release|Any CPU
		{0E1D1055-3EF5-B46A-F99E-90B730EEA557}.Debug|Any CPU.ActiveCfg = Debug|Any CPU
		{0E1D1055-3EF5-B46A-F99E-90B730EEA557}.Debug|Any CPU.Build.0 = Debug|Any CPU
		{0E1D1055-3EF5-B46A-F99E-90B730EEA557}.Release|Any CPU.ActiveCfg = Release|Any CPU
		{0E1D1055-3EF5-B46A-F99E-90B730EEA557}.Release|Any CPU.Build.0 = Release|Any CPU
		{D3ECDDF2-E53B-1D4A-756F-F61B144FCCAC}.Debug|Any CPU.ActiveCfg = Debug|Any CPU
		{D3ECDDF2-E53B-1D4A-756F-F61B144FCCAC}.Debug|Any CPU.Build.0 = Debug|Any CPU
		{D3ECDDF2-E53B-1D4A-756F-F61B144FCCAC}.Release|Any CPU.ActiveCfg = Release|Any CPU
		{D3ECDDF2-E53B-1D4A-756F-F61B144FCCAC}.Release|Any CPU.Build.0 = Release|Any CPU
		{900A100A-0972-8D33-7D01-46DAB942AD06}.Debug|Any CPU.ActiveCfg = Debug|Any CPU
		{900A100A-0972-8D33-7D01-46DAB942AD06}.Debug|Any CPU.Build.0 = Debug|Any CPU
		{900A100A-0972-8D33-7D01-46DAB942AD06}.Release|Any CPU.ActiveCfg = Release|Any CPU
		{900A100A-0972-8D33-7D01-46DAB942AD06}.Release|Any CPU.Build.0 = Release|Any CPU
		{68D749FC-85C3-53FE-3C8B-65F068476E3C}.Debug|Any CPU.ActiveCfg = Debug|Any CPU
		{68D749FC-85C3-53FE-3C8B-65F068476E3C}.Debug|Any CPU.Build.0 = Debug|Any CPU
		{68D749FC-85C3-53FE-3C8B-65F068476E3C}.Release|Any CPU.ActiveCfg = Release|Any CPU
		{68D749FC-85C3-53FE-3C8B-65F068476E3C}.Release|Any CPU.Build.0 = Release|Any CPU
		{7795AB5C-FD14-62EC-EE47-81DB77091C17}.Debug|Any CPU.ActiveCfg = Debug|Any CPU
		{7795AB5C-FD14-62EC-EE47-81DB77091C17}.Debug|Any CPU.Build.0 = Debug|Any CPU
		{7795AB5C-FD14-62EC-EE47-81DB77091C17}.Release|Any CPU.ActiveCfg = Release|Any CPU
		{7795AB5C-FD14-62EC-EE47-81DB77091C17}.Release|Any CPU.Build.0 = Release|Any CPU
		{77374F45-BBDB-3FB3-E501-A040E9F1446D}.Debug|Any CPU.ActiveCfg = Debug|Any CPU
		{77374F45-BBDB-3FB3-E501-A040E9F1446D}.Debug|Any CPU.Build.0 = Debug|Any CPU
		{77374F45-BBDB-3FB3-E501-A040E9F1446D}.Release|Any CPU.ActiveCfg = Release|Any CPU
		{77374F45-BBDB-3FB3-E501-A040E9F1446D}.Release|Any CPU.Build.0 = Release|Any CPU
		{47FF68BA-AE63-D1CE-87AD-3FF38A59E9A3}.Debug|Any CPU.ActiveCfg = Debug|Any CPU
		{47FF68BA-AE63-D1CE-87AD-3FF38A59E9A3}.Debug|Any CPU.Build.0 = Debug|Any CPU
		{47FF68BA-AE63-D1CE-87AD-3FF38A59E9A3}.Release|Any CPU.ActiveCfg = Release|Any CPU
		{47FF68BA-AE63-D1CE-87AD-3FF38A59E9A3}.Release|Any CPU.Build.0 = Release|Any CPU
		{E72ACF22-2075-FAE1-04CB-D00B9E59E254}.Debug|Any CPU.ActiveCfg = Debug|Any CPU
		{E72ACF22-2075-FAE1-04CB-D00B9E59E254}.Debug|Any CPU.Build.0 = Debug|Any CPU
		{E72ACF22-2075-FAE1-04CB-D00B9E59E254}.Release|Any CPU.ActiveCfg = Release|Any CPU
		{E72ACF22-2075-FAE1-04CB-D00B9E59E254}.Release|Any CPU.Build.0 = Release|Any CPU
		{A98B1880-57F9-43F1-1DB9-1EC251EB36A0}.Debug|Any CPU.ActiveCfg = Debug|Any CPU
		{A98B1880-57F9-43F1-1DB9-1EC251EB36A0}.Debug|Any CPU.Build.0 = Debug|Any CPU
		{A98B1880-57F9-43F1-1DB9-1EC251EB36A0}.Release|Any CPU.ActiveCfg = Release|Any CPU
		{A98B1880-57F9-43F1-1DB9-1EC251EB36A0}.Release|Any CPU.Build.0 = Release|Any CPU
		{FBDB825F-039F-BAA7-6AED-19427DB2AC77}.Debug|Any CPU.ActiveCfg = Debug|Any CPU
		{FBDB825F-039F-BAA7-6AED-19427DB2AC77}.Debug|Any CPU.Build.0 = Debug|Any CPU
		{FBDB825F-039F-BAA7-6AED-19427DB2AC77}.Release|Any CPU.ActiveCfg = Release|Any CPU
		{FBDB825F-039F-BAA7-6AED-19427DB2AC77}.Release|Any CPU.Build.0 = Release|Any CPU
		{20D2A24A-C071-AE89-2031-86C68ACE2DB9}.Debug|Any CPU.ActiveCfg = Debug|Any CPU
		{20D2A24A-C071-AE89-2031-86C68ACE2DB9}.Debug|Any CPU.Build.0 = Debug|Any CPU
		{20D2A24A-C071-AE89-2031-86C68ACE2DB9}.Release|Any CPU.ActiveCfg = Release|Any CPU
		{20D2A24A-C071-AE89-2031-86C68ACE2DB9}.Release|Any CPU.Build.0 = Release|Any CPU
		{18B1FE50-3AE9-38B4-43EF-61BCB5AFABF7}.Debug|Any CPU.ActiveCfg = Debug|Any CPU
		{18B1FE50-3AE9-38B4-43EF-61BCB5AFABF7}.Debug|Any CPU.Build.0 = Debug|Any CPU
		{18B1FE50-3AE9-38B4-43EF-61BCB5AFABF7}.Release|Any CPU.ActiveCfg = Release|Any CPU
		{18B1FE50-3AE9-38B4-43EF-61BCB5AFABF7}.Release|Any CPU.Build.0 = Release|Any CPU
		{992DBB15-11E0-5567-208B-D77FF5216463}.Debug|Any CPU.ActiveCfg = Debug|Any CPU
		{992DBB15-11E0-5567-208B-D77FF5216463}.Debug|Any CPU.Build.0 = Debug|Any CPU
		{992DBB15-11E0-5567-208B-D77FF5216463}.Release|Any CPU.ActiveCfg = Release|Any CPU
		{992DBB15-11E0-5567-208B-D77FF5216463}.Release|Any CPU.Build.0 = Release|Any CPU
		{8C086F08-6AF3-4D8F-C084-001604B3BC85}.Debug|Any CPU.ActiveCfg = Debug|Any CPU
		{8C086F08-6AF3-4D8F-C084-001604B3BC85}.Debug|Any CPU.Build.0 = Debug|Any CPU
		{8C086F08-6AF3-4D8F-C084-001604B3BC85}.Release|Any CPU.ActiveCfg = Release|Any CPU
		{8C086F08-6AF3-4D8F-C084-001604B3BC85}.Release|Any CPU.Build.0 = Release|Any CPU
		{A581C1E9-1644-2589-3AE9-CACC195254D9}.Debug|Any CPU.ActiveCfg = Debug|Any CPU
		{A581C1E9-1644-2589-3AE9-CACC195254D9}.Debug|Any CPU.Build.0 = Debug|Any CPU
		{A581C1E9-1644-2589-3AE9-CACC195254D9}.Release|Any CPU.ActiveCfg = Release|Any CPU
		{A581C1E9-1644-2589-3AE9-CACC195254D9}.Release|Any CPU.Build.0 = Release|Any CPU
		{6E7F0E83-12C2-D227-1D7A-47478C98DC8B}.Debug|Any CPU.ActiveCfg = Debug|Any CPU
		{6E7F0E83-12C2-D227-1D7A-47478C98DC8B}.Debug|Any CPU.Build.0 = Debug|Any CPU
		{6E7F0E83-12C2-D227-1D7A-47478C98DC8B}.Release|Any CPU.ActiveCfg = Release|Any CPU
		{6E7F0E83-12C2-D227-1D7A-47478C98DC8B}.Release|Any CPU.Build.0 = Release|Any CPU
		{D11ACF58-4A12-35D0-AD27-D49F10AD3EF9}.Debug|Any CPU.ActiveCfg = Debug|Any CPU
		{D11ACF58-4A12-35D0-AD27-D49F10AD3EF9}.Debug|Any CPU.Build.0 = Debug|Any CPU
		{D11ACF58-4A12-35D0-AD27-D49F10AD3EF9}.Release|Any CPU.ActiveCfg = Release|Any CPU
		{D11ACF58-4A12-35D0-AD27-D49F10AD3EF9}.Release|Any CPU.Build.0 = Release|Any CPU
		{C8707493-9866-A65E-597D-86985AD5B246}.Debug|Any CPU.ActiveCfg = Debug|Any CPU
		{C8707493-9866-A65E-597D-86985AD5B246}.Debug|Any CPU.Build.0 = Debug|Any CPU
		{C8707493-9866-A65E-597D-86985AD5B246}.Release|Any CPU.ActiveCfg = Release|Any CPU
		{C8707493-9866-A65E-597D-86985AD5B246}.Release|Any CPU.Build.0 = Release|Any CPU
		{D3318D24-4387-A795-DC6D-AB4735AF20E2}.Debug|Any CPU.ActiveCfg = Debug|Any CPU
		{D3318D24-4387-A795-DC6D-AB4735AF20E2}.Debug|Any CPU.Build.0 = Debug|Any CPU
		{D3318D24-4387-A795-DC6D-AB4735AF20E2}.Release|Any CPU.ActiveCfg = Release|Any CPU
		{D3318D24-4387-A795-DC6D-AB4735AF20E2}.Release|Any CPU.Build.0 = Release|Any CPU
		{2E9F821D-4230-7187-84E4-A5B3FB22AD1C}.Debug|Any CPU.ActiveCfg = Debug|Any CPU
		{2E9F821D-4230-7187-84E4-A5B3FB22AD1C}.Debug|Any CPU.Build.0 = Debug|Any CPU
		{2E9F821D-4230-7187-84E4-A5B3FB22AD1C}.Release|Any CPU.ActiveCfg = Release|Any CPU
		{2E9F821D-4230-7187-84E4-A5B3FB22AD1C}.Release|Any CPU.Build.0 = Release|Any CPU
		{EDE9EA96-FC16-D2CA-CEAA-D9FFA6F2102E}.Debug|Any CPU.ActiveCfg = Debug|Any CPU
		{EDE9EA96-FC16-D2CA-CEAA-D9FFA6F2102E}.Debug|Any CPU.Build.0 = Debug|Any CPU
		{EDE9EA96-FC16-D2CA-CEAA-D9FFA6F2102E}.Release|Any CPU.ActiveCfg = Release|Any CPU
		{EDE9EA96-FC16-D2CA-CEAA-D9FFA6F2102E}.Release|Any CPU.Build.0 = Release|Any CPU
		{B1B664E4-6151-2268-8F40-7D1416C6064C}.Debug|Any CPU.ActiveCfg = Debug|Any CPU
		{B1B664E4-6151-2268-8F40-7D1416C6064C}.Debug|Any CPU.Build.0 = Debug|Any CPU
		{B1B664E4-6151-2268-8F40-7D1416C6064C}.Release|Any CPU.ActiveCfg = Release|Any CPU
		{B1B664E4-6151-2268-8F40-7D1416C6064C}.Release|Any CPU.Build.0 = Release|Any CPU
		{21AB6875-D1B4-C8ED-0ED4-7420D9F00D2C}.Debug|Any CPU.ActiveCfg = Debug|Any CPU
		{21AB6875-D1B4-C8ED-0ED4-7420D9F00D2C}.Debug|Any CPU.Build.0 = Debug|Any CPU
		{21AB6875-D1B4-C8ED-0ED4-7420D9F00D2C}.Release|Any CPU.ActiveCfg = Release|Any CPU
		{21AB6875-D1B4-C8ED-0ED4-7420D9F00D2C}.Release|Any CPU.Build.0 = Release|Any CPU
		{B6FB2208-A566-07FE-EAFE-57EEC70308D1}.Debug|Any CPU.ActiveCfg = Debug|Any CPU
		{B6FB2208-A566-07FE-EAFE-57EEC70308D1}.Debug|Any CPU.Build.0 = Debug|Any CPU
		{B6FB2208-A566-07FE-EAFE-57EEC70308D1}.Release|Any CPU.ActiveCfg = Release|Any CPU
		{B6FB2208-A566-07FE-EAFE-57EEC70308D1}.Release|Any CPU.Build.0 = Release|Any CPU
		{5CAE9333-128B-74EB-9A4A-759BBEECFC05}.Debug|Any CPU.ActiveCfg = Debug|Any CPU
		{5CAE9333-128B-74EB-9A4A-759BBEECFC05}.Debug|Any CPU.Build.0 = Debug|Any CPU
		{5CAE9333-128B-74EB-9A4A-759BBEECFC05}.Release|Any CPU.ActiveCfg = Release|Any CPU
		{5CAE9333-128B-74EB-9A4A-759BBEECFC05}.Release|Any CPU.Build.0 = Release|Any CPU
		{4C0699FD-CA1B-F04D-CC0E-A39C699DDD02}.Debug|Any CPU.ActiveCfg = Debug|Any CPU
		{4C0699FD-CA1B-F04D-CC0E-A39C699DDD02}.Debug|Any CPU.Build.0 = Debug|Any CPU
		{4C0699FD-CA1B-F04D-CC0E-A39C699DDD02}.Release|Any CPU.ActiveCfg = Release|Any CPU
		{4C0699FD-CA1B-F04D-CC0E-A39C699DDD02}.Release|Any CPU.Build.0 = Release|Any CPU
		{6B70DCE2-85DC-1887-0BDD-D8F2A83BBBFF}.Debug|Any CPU.ActiveCfg = Debug|Any CPU
		{6B70DCE2-85DC-1887-0BDD-D8F2A83BBBFF}.Debug|Any CPU.Build.0 = Debug|Any CPU
		{6B70DCE2-85DC-1887-0BDD-D8F2A83BBBFF}.Release|Any CPU.ActiveCfg = Release|Any CPU
		{6B70DCE2-85DC-1887-0BDD-D8F2A83BBBFF}.Release|Any CPU.Build.0 = Release|Any CPU
		{10A3F2EC-1EAC-8A04-9C57-94FD340BAFDD}.Debug|Any CPU.ActiveCfg = Debug|Any CPU
		{10A3F2EC-1EAC-8A04-9C57-94FD340BAFDD}.Debug|Any CPU.Build.0 = Debug|Any CPU
		{10A3F2EC-1EAC-8A04-9C57-94FD340BAFDD}.Release|Any CPU.ActiveCfg = Release|Any CPU
		{10A3F2EC-1EAC-8A04-9C57-94FD340BAFDD}.Release|Any CPU.Build.0 = Release|Any CPU
		{51D15D07-FD64-F374-ED8E-864311925858}.Debug|Any CPU.ActiveCfg = Debug|Any CPU
		{51D15D07-FD64-F374-ED8E-864311925858}.Debug|Any CPU.Build.0 = Debug|Any CPU
		{51D15D07-FD64-F374-ED8E-864311925858}.Release|Any CPU.ActiveCfg = Release|Any CPU
		{51D15D07-FD64-F374-ED8E-864311925858}.Release|Any CPU.Build.0 = Release|Any CPU
		{921D69FB-2784-1C64-921F-DDD5EFD666D2}.Debug|Any CPU.ActiveCfg = Debug|Any CPU
		{921D69FB-2784-1C64-921F-DDD5EFD666D2}.Debug|Any CPU.Build.0 = Debug|Any CPU
		{921D69FB-2784-1C64-921F-DDD5EFD666D2}.Release|Any CPU.ActiveCfg = Release|Any CPU
		{921D69FB-2784-1C64-921F-DDD5EFD666D2}.Release|Any CPU.Build.0 = Release|Any CPU
		{D2BB6D91-A0F6-C421-B720-479B779A56B0}.Debug|Any CPU.ActiveCfg = Debug|Any CPU
		{D2BB6D91-A0F6-C421-B720-479B779A56B0}.Debug|Any CPU.Build.0 = Debug|Any CPU
		{D2BB6D91-A0F6-C421-B720-479B779A56B0}.Release|Any CPU.ActiveCfg = Release|Any CPU
		{D2BB6D91-A0F6-C421-B720-479B779A56B0}.Release|Any CPU.Build.0 = Release|Any CPU
		{7747385F-E0E2-BC85-7D61-9CBB8F8BE383}.Debug|Any CPU.ActiveCfg = Debug|Any CPU
		{7747385F-E0E2-BC85-7D61-9CBB8F8BE383}.Debug|Any CPU.Build.0 = Debug|Any CPU
		{7747385F-E0E2-BC85-7D61-9CBB8F8BE383}.Release|Any CPU.ActiveCfg = Release|Any CPU
		{7747385F-E0E2-BC85-7D61-9CBB8F8BE383}.Release|Any CPU.Build.0 = Release|Any CPU
		{7FBE47D1-E050-5E6B-5235-78AD69D7DCEF}.Debug|Any CPU.ActiveCfg = Debug|Any CPU
		{7FBE47D1-E050-5E6B-5235-78AD69D7DCEF}.Debug|Any CPU.Build.0 = Debug|Any CPU
		{7FBE47D1-E050-5E6B-5235-78AD69D7DCEF}.Release|Any CPU.ActiveCfg = Release|Any CPU
		{7FBE47D1-E050-5E6B-5235-78AD69D7DCEF}.Release|Any CPU.Build.0 = Release|Any CPU
		{6ED758FB-E1FE-B457-BCFA-F74E75455282}.Debug|Any CPU.ActiveCfg = Debug|Any CPU
		{6ED758FB-E1FE-B457-BCFA-F74E75455282}.Debug|Any CPU.Build.0 = Debug|Any CPU
		{6ED758FB-E1FE-B457-BCFA-F74E75455282}.Release|Any CPU.ActiveCfg = Release|Any CPU
		{6ED758FB-E1FE-B457-BCFA-F74E75455282}.Release|Any CPU.Build.0 = Release|Any CPU
		{4729B799-D046-97F8-3E7E-71EC35C42796}.Debug|Any CPU.ActiveCfg = Debug|Any CPU
		{4729B799-D046-97F8-3E7E-71EC35C42796}.Debug|Any CPU.Build.0 = Debug|Any CPU
		{4729B799-D046-97F8-3E7E-71EC35C42796}.Release|Any CPU.ActiveCfg = Release|Any CPU
		{4729B799-D046-97F8-3E7E-71EC35C42796}.Release|Any CPU.Build.0 = Release|Any CPU
		{72FD4FE1-9095-FF07-FAB5-044EA2367863}.Debug|Any CPU.ActiveCfg = Debug|Any CPU
		{72FD4FE1-9095-FF07-FAB5-044EA2367863}.Debug|Any CPU.Build.0 = Debug|Any CPU
		{72FD4FE1-9095-FF07-FAB5-044EA2367863}.Release|Any CPU.ActiveCfg = Release|Any CPU
		{72FD4FE1-9095-FF07-FAB5-044EA2367863}.Release|Any CPU.Build.0 = Release|Any CPU
		{A25640CF-1EEE-05A8-F2F5-E50A2DC18FC2}.Debug|Any CPU.ActiveCfg = Debug|Any CPU
		{A25640CF-1EEE-05A8-F2F5-E50A2DC18FC2}.Debug|Any CPU.Build.0 = Debug|Any CPU
		{A25640CF-1EEE-05A8-F2F5-E50A2DC18FC2}.Release|Any CPU.ActiveCfg = Release|Any CPU
		{A25640CF-1EEE-05A8-F2F5-E50A2DC18FC2}.Release|Any CPU.Build.0 = Release|Any CPU
		{D16DED06-4A77-81E6-E6F0-EFF5B598BF22}.Debug|Any CPU.ActiveCfg = Debug|Any CPU
		{D16DED06-4A77-81E6-E6F0-EFF5B598BF22}.Debug|Any CPU.Build.0 = Debug|Any CPU
		{D16DED06-4A77-81E6-E6F0-EFF5B598BF22}.Release|Any CPU.ActiveCfg = Release|Any CPU
		{D16DED06-4A77-81E6-E6F0-EFF5B598BF22}.Release|Any CPU.Build.0 = Release|Any CPU
		{61A2AE21-5355-7BD1-88FC-66EB6E713DCA}.Debug|Any CPU.ActiveCfg = Debug|Any CPU
		{61A2AE21-5355-7BD1-88FC-66EB6E713DCA}.Debug|Any CPU.Build.0 = Debug|Any CPU
		{61A2AE21-5355-7BD1-88FC-66EB6E713DCA}.Release|Any CPU.ActiveCfg = Release|Any CPU
		{61A2AE21-5355-7BD1-88FC-66EB6E713DCA}.Release|Any CPU.Build.0 = Release|Any CPU
	EndGlobalSection
	GlobalSection(SolutionProperties) = preSolution
		HideSolutionNode = FALSE
	EndGlobalSection
EndGlobal
